<?xml version="1.0" encoding="utf-8"?>
<Project ToolsVersion="4.0" xmlns="http://schemas.microsoft.com/developer/msbuild/2003">
  <ItemGroup>
    <ClInclude Include="AffineTransform.hpp" />
    <ClInclude Include="Axis.hpp" />
    <ClInclude Include="Constants.hpp" />
    <ClInclude Include="Euler.hpp" />
    <ClInclude Include="EulerOrder.hpp" />
    <ClInclude Include="HalfSpace.hpp" />
    <ClInclude Include="Line2.hpp" />
    <ClInclude Include="Line3.hpp" />
    <ClInclude Include="Mathematics.hpp" />
    <ClInclude Include="Matrix2.hpp" />
    <ClInclude Include="Matrix3.hpp" />
    <ClInclude Include="Matrix4.hpp" />
    <ClInclude Include="Plane.hpp" />
    <ClInclude Include="Quaternion.hpp" />
    <ClInclude Include="Ray2.hpp" />
    <ClInclude Include="Ray3.hpp" />
    <ClInclude Include="Scalar.hpp" />
    <ClInclude Include="Segment2.hpp" />
    <ClInclude Include="Segment3.hpp" />
    <ClInclude Include="Vector2.hpp" />
    <ClInclude Include="Vector3.hpp" />
    <ClInclude Include="Vector4.hpp" />
    <ClInclude Include="YawPitchRoll.hpp" />
    <ClInclude Include="AxisAlignedRectangle.hpp" />
    <ClInclude Include="Circle2.hpp" />
    <ClInclude Include="Interval.hpp" />
    <ClInclude Include="AxisAlignedBox.hpp" />
    <ClInclude Include="Sphere.hpp" />
    <ClInclude Include="Distances.inl" />
    <ClInclude Include="Intersections.inl" />
    <ClInclude Include="OrientedBox.hpp" />
    <ClInclude Include="Quadrilateral3.hpp" />
    <ClInclude Include="Tetrahedron.hpp" />
    <ClInclude Include="Triangle3.hpp" />
    <ClInclude Include="Containment.inl" />
    <ClInclude Include="Triangulation.inl" />
  </ItemGroup>
</Project>